
Microsoft Visual Studio Solution File, Format Version 12.00
# Visual Studio Version 17
VisualStudioVersion = 17.14.36414.22 d17.14
MinimumVisualStudioVersion = 10.0.40219.1
Project("{FAE04EC0-301F-11D3-BF4B-00C04F79EFBC}") = "IDogCamIntegration.Web", "IDogCamIntegration.Web.csproj", "{02A6C22E-A5D8-4229-9BD5-4F4C0C746296}"
EndProject
Project("{FAE04EC0-301F-11D3-BF4B-00C04F79EFBC}") = "KCBase.IDogCam", "..\KCBase.IDogCam\KCBase.IDogCam.csproj", "{3B3C4877-0A1D-47F9-8D7E-E1AC4132492A}"
EndProject
Global
	GlobalSection(SolutionConfigurationPlatforms) = preSolution
		Debug|Any CPU = Debug|Any CPU
		Release|Any CPU = Release|Any CPU
	EndGlobalSection
	GlobalSection(ProjectConfigurationPlatforms) = postSolution
		{02A6C22E-A5D8-4229-9BD5-4F4C0C746296}.Debug|Any CPU.ActiveCfg = Debug|Any CPU
		{02A6C22E-A5D8-4229-9BD5-4F4C0C746296}.Debug|Any CPU.Build.0 = Debug|Any CPU
		{02A6C22E-A5D8-4229-9BD5-4F4C0C746296}.Release|Any CPU.ActiveCfg = Release|Any CPU
		{02A6C22E-A5D8-4229-9BD5-4F4C0C746296}.Release|Any CPU.Build.0 = Release|Any CPU
		{3B3C4877-0A1D-47F9-8D7E-E1AC4132492A}.Debug|Any CPU.ActiveCfg = Debug|Any CPU
		{3B3C4877-0A1D-47F9-8D7E-E1AC4132492A}.Debug|Any CPU.Build.0 = Debug|Any CPU
		{3B3C4877-0A1D-47F9-8D7E-E1AC4132492A}.Release|Any CPU.ActiveCfg = Release|Any CPU
		{3B3C4877-0A1D-47F9-8D7E-E1AC4132492A}.Release|Any CPU.Build.0 = Release|Any CPU
	EndGlobalSection
	GlobalSection(SolutionProperties) = preSolution
		HideSolutionNode = FALSE
	EndGlobalSection
	GlobalSection(ExtensibilityGlobals) = postSolution
		SolutionGuid = {C1646E85-9CBD-4148-A128-C634FDE0DC45}
	EndGlobalSection
EndGlobal
